// !$*UTF8*$!
{
	archiveVersion = 1;
	classes = {
	};
	objectVersion = 56;
	objects = {

/* Begin PBXBuildFile section */
		992200B829393A61005F880C /* CurrentWeatherHeader.swift in Sources */ = {isa = PBXBuildFile; fileRef = 992200B729393A61005F880C /* CurrentWeatherHeader.swift */; };
		993FB0FE29BF4D480064570B /* 24HourButtonCell.swift in Sources */ = {isa = PBXBuildFile; fileRef = 993FB0FD29BF4D480064570B /* 24HourButtonCell.swift */; };
		993FB10029BF61470064570B /* 7DaysForecast.swift in Sources */ = {isa = PBXBuildFile; fileRef = 993FB0FF29BF61470064570B /* 7DaysForecast.swift */; };
		99512D6329BA057000771106 /* Location Manager.swift in Sources */ = {isa = PBXBuildFile; fileRef = 99512D6229BA057000771106 /* Location Manager.swift */; };
		9991874129ACAEE800C5F1F1 /* CoreDataManager.swift in Sources */ = {isa = PBXBuildFile; fileRef = 9991874029ACAEE800C5F1F1 /* CoreDataManager.swift */; };
		9991874329ACAEF400C5F1F1 /* DownloadManager.swift in Sources */ = {isa = PBXBuildFile; fileRef = 9991874229ACAEF400C5F1F1 /* DownloadManager.swift */; };
		9991874529AD109300C5F1F1 /* DailyForecastMainScreenTableViewCell.swift in Sources */ = {isa = PBXBuildFile; fileRef = 9991874429AD109300C5F1F1 /* DailyForecastMainScreenTableViewCell.swift */; };
		9991874829AE49CE00C5F1F1 /* Alamofire in Frameworks */ = {isa = PBXBuildFile; productRef = 9991874729AE49CE00C5F1F1 /* Alamofire */; };
		9991874E29AF99E600C5F1F1 /* CodableForecastModels.swift in Sources */ = {isa = PBXBuildFile; fileRef = 9991874D29AF99E600C5F1F1 /* CodableForecastModels.swift */; };
		9991FFEE29A682F600240345 /* TodayWeatherCell.swift in Sources */ = {isa = PBXBuildFile; fileRef = 9991FFED29A682F600240345 /* TodayWeatherCell.swift */; };
		9991FFF029A69A5A00240345 /* WeatherCollectionViewCell.swift in Sources */ = {isa = PBXBuildFile; fileRef = 9991FFEF29A69A5A00240345 /* WeatherCollectionViewCell.swift */; };
		99B91EA6293491A900242D64 /* AppDelegate.swift in Sources */ = {isa = PBXBuildFile; fileRef = 99B91EA5293491A900242D64 /* AppDelegate.swift */; };
		99B91EA8293491A900242D64 /* SceneDelegate.swift in Sources */ = {isa = PBXBuildFile; fileRef = 99B91EA7293491A900242D64 /* SceneDelegate.swift */; };
		99B91EAA293491A900242D64 /* MainScreenViewController.swift in Sources */ = {isa = PBXBuildFile; fileRef = 99B91EA9293491A900242D64 /* MainScreenViewController.swift */; };
		99B91EB0293491A900242D64 /* WeatherApp.xcdatamodeld in Sources */ = {isa = PBXBuildFile; fileRef = 99B91EAE293491A900242D64 /* WeatherApp.xcdatamodeld */; };
		99B91EB2293491AA00242D64 /* Assets.xcassets in Resources */ = {isa = PBXBuildFile; fileRef = 99B91EB1293491AA00242D64 /* Assets.xcassets */; };
		99B91EB5293491AA00242D64 /* LaunchScreen.storyboard in Resources */ = {isa = PBXBuildFile; fileRef = 99B91EB3293491AA00242D64 /* LaunchScreen.storyboard */; };
		99B91EBD2934E9F200242D64 /* WelcomeViewController.swift in Sources */ = {isa = PBXBuildFile; fileRef = 99B91EBC2934E9F200242D64 /* WelcomeViewController.swift */; };
		99B91EBF2934EA5A00242D64 /* InitialSetupViewController.swift in Sources */ = {isa = PBXBuildFile; fileRef = 99B91EBE2934EA5A00242D64 /* InitialSetupViewController.swift */; };
		99B91EC229350C0F00242D64 /* TinyConstraints in Frameworks */ = {isa = PBXBuildFile; productRef = 99B91EC129350C0F00242D64 /* TinyConstraints */; };
		99B91EC429351FEE00242D64 /* CustomUIElements.swift in Sources */ = {isa = PBXBuildFile; fileRef = 99B91EC329351FEE00242D64 /* CustomUIElements.swift */; };
		99C0D59829B0BCE500AFD91D /* HourlyForecastViewModel.swift in Sources */ = {isa = PBXBuildFile; fileRef = 99C0D59729B0BCE500AFD91D /* HourlyForecastViewModel.swift */; };
		99CC815F29C4B2D60076C319 /* DailyWeatherViewController.swift in Sources */ = {isa = PBXBuildFile; fileRef = 99CC815E29C4B2D60076C319 /* DailyWeatherViewController.swift */; };
		99CC816229C4B5390076C319 /* GeolocationNameTableViewCell.swift in Sources */ = {isa = PBXBuildFile; fileRef = 99CC816129C4B5390076C319 /* GeolocationNameTableViewCell.swift */; };
		99CC816429C87AEB0076C319 /* DaySelectorTableViewCell.swift in Sources */ = {isa = PBXBuildFile; fileRef = 99CC816329C87AEB0076C319 /* DaySelectorTableViewCell.swift */; };
		99CC816629C87E700076C319 /* DayCollectionViewCell.swift in Sources */ = {isa = PBXBuildFile; fileRef = 99CC816529C87E700076C319 /* DayCollectionViewCell.swift */; };
		99CC816829C8876E0076C319 /* DailyWeatherTableViewCell.swift in Sources */ = {isa = PBXBuildFile; fileRef = 99CC816729C8876E0076C319 /* DailyWeatherTableViewCell.swift */; };
		99CC816A29C8C8EF0076C319 /* Enums.swift in Sources */ = {isa = PBXBuildFile; fileRef = 99CC816929C8C8EF0076C319 /* Enums.swift */; };
		99CC816C29CC64300076C319 /* SunriseAndSunsetTableViewCell.swift in Sources */ = {isa = PBXBuildFile; fileRef = 99CC816B29CC64300076C319 /* SunriseAndSunsetTableViewCell.swift */; };
		99E0CAAA29A64E45006ECE23 /* DailyForecastViewModel.swift in Sources */ = {isa = PBXBuildFile; fileRef = 99E0CAA929A64E45006ECE23 /* DailyForecastViewModel.swift */; };
		99E0CAB829A662FB006ECE23 /* Rubik-Light.ttf in Resources */ = {isa = PBXBuildFile; fileRef = 99E0CAAE29A662FA006ECE23 /* Rubik-Light.ttf */; };
		99E0CABB29A662FB006ECE23 /* Rubik-Bold.ttf in Resources */ = {isa = PBXBuildFile; fileRef = 99E0CAB129A662FB006ECE23 /* Rubik-Bold.ttf */; };
		99E0CABC29A662FB006ECE23 /* Rubik-Medium.ttf in Resources */ = {isa = PBXBuildFile; fileRef = 99E0CAB229A662FB006ECE23 /* Rubik-Medium.ttf */; };
		99E0CABF29A662FB006ECE23 /* Rubik-Regular.ttf in Resources */ = {isa = PBXBuildFile; fileRef = 99E0CAB529A662FB006ECE23 /* Rubik-Regular.ttf */; };
/* End PBXBuildFile section */

/* Begin PBXFileReference section */
		992200B729393A61005F880C /* CurrentWeatherHeader.swift */ = {isa = PBXFileReference; lastKnownFileType = sourcecode.swift; path = CurrentWeatherHeader.swift; sourceTree = "<group>"; };
		993FB0FD29BF4D480064570B /* 24HourButtonCell.swift */ = {isa = PBXFileReference; lastKnownFileType = sourcecode.swift; path = 24HourButtonCell.swift; sourceTree = "<group>"; };
		993FB0FF29BF61470064570B /* 7DaysForecast.swift */ = {isa = PBXFileReference; lastKnownFileType = sourcecode.swift; path = 7DaysForecast.swift; sourceTree = "<group>"; };
		99512D6229BA057000771106 /* Location Manager.swift */ = {isa = PBXFileReference; lastKnownFileType = sourcecode.swift; path = "Location Manager.swift"; sourceTree = "<group>"; };
		9991874029ACAEE800C5F1F1 /* CoreDataManager.swift */ = {isa = PBXFileReference; lastKnownFileType = sourcecode.swift; path = CoreDataManager.swift; sourceTree = "<group>"; };
		9991874229ACAEF400C5F1F1 /* DownloadManager.swift */ = {isa = PBXFileReference; lastKnownFileType = sourcecode.swift; path = DownloadManager.swift; sourceTree = "<group>"; };
		9991874429AD109300C5F1F1 /* DailyForecastMainScreenTableViewCell.swift */ = {isa = PBXFileReference; lastKnownFileType = sourcecode.swift; path = DailyForecastMainScreenTableViewCell.swift; sourceTree = "<group>"; };
		9991874D29AF99E600C5F1F1 /* CodableForecastModels.swift */ = {isa = PBXFileReference; lastKnownFileType = sourcecode.swift; path = CodableForecastModels.swift; sourceTree = "<group>"; };
		9991FFED29A682F600240345 /* TodayWeatherCell.swift */ = {isa = PBXFileReference; lastKnownFileType = sourcecode.swift; path = TodayWeatherCell.swift; sourceTree = "<group>"; };
		9991FFEF29A69A5A00240345 /* WeatherCollectionViewCell.swift */ = {isa = PBXFileReference; lastKnownFileType = sourcecode.swift; path = WeatherCollectionViewCell.swift; sourceTree = "<group>"; };
		99B91EA2293491A900242D64 /* WeatherApp.app */ = {isa = PBXFileReference; explicitFileType = wrapper.application; includeInIndex = 0; path = WeatherApp.app; sourceTree = BUILT_PRODUCTS_DIR; };
		99B91EA5293491A900242D64 /* AppDelegate.swift */ = {isa = PBXFileReference; lastKnownFileType = sourcecode.swift; path = AppDelegate.swift; sourceTree = "<group>"; };
		99B91EA7293491A900242D64 /* SceneDelegate.swift */ = {isa = PBXFileReference; lastKnownFileType = sourcecode.swift; path = SceneDelegate.swift; sourceTree = "<group>"; };
		99B91EA9293491A900242D64 /* MainScreenViewController.swift */ = {isa = PBXFileReference; lastKnownFileType = sourcecode.swift; path = MainScreenViewController.swift; sourceTree = "<group>"; };
		99B91EAF293491A900242D64 /* WeatherApp.xcdatamodel */ = {isa = PBXFileReference; lastKnownFileType = wrapper.xcdatamodel; path = WeatherApp.xcdatamodel; sourceTree = "<group>"; };
		99B91EB1293491AA00242D64 /* Assets.xcassets */ = {isa = PBXFileReference; lastKnownFileType = folder.assetcatalog; path = Assets.xcassets; sourceTree = "<group>"; };
		99B91EB4293491AA00242D64 /* Base */ = {isa = PBXFileReference; lastKnownFileType = file.storyboard; name = Base; path = Base.lproj/LaunchScreen.storyboard; sourceTree = "<group>"; };
		99B91EB6293491AA00242D64 /* Info.plist */ = {isa = PBXFileReference; lastKnownFileType = text.plist.xml; path = Info.plist; sourceTree = "<group>"; };
		99B91EBC2934E9F200242D64 /* WelcomeViewController.swift */ = {isa = PBXFileReference; lastKnownFileType = sourcecode.swift; path = WelcomeViewController.swift; sourceTree = "<group>"; };
		99B91EBE2934EA5A00242D64 /* InitialSetupViewController.swift */ = {isa = PBXFileReference; lastKnownFileType = sourcecode.swift; path = InitialSetupViewController.swift; sourceTree = "<group>"; };
		99B91EC329351FEE00242D64 /* CustomUIElements.swift */ = {isa = PBXFileReference; lastKnownFileType = sourcecode.swift; path = CustomUIElements.swift; sourceTree = "<group>"; };
		99C0D59729B0BCE500AFD91D /* HourlyForecastViewModel.swift */ = {isa = PBXFileReference; lastKnownFileType = sourcecode.swift; path = HourlyForecastViewModel.swift; sourceTree = "<group>"; };
		99CC815E29C4B2D60076C319 /* DailyWeatherViewController.swift */ = {isa = PBXFileReference; lastKnownFileType = sourcecode.swift; path = DailyWeatherViewController.swift; sourceTree = "<group>"; };
		99CC816129C4B5390076C319 /* GeolocationNameTableViewCell.swift */ = {isa = PBXFileReference; lastKnownFileType = sourcecode.swift; path = GeolocationNameTableViewCell.swift; sourceTree = "<group>"; };
		99CC816329C87AEB0076C319 /* DaySelectorTableViewCell.swift */ = {isa = PBXFileReference; lastKnownFileType = sourcecode.swift; path = DaySelectorTableViewCell.swift; sourceTree = "<group>"; };
		99CC816529C87E700076C319 /* DayCollectionViewCell.swift */ = {isa = PBXFileReference; lastKnownFileType = sourcecode.swift; path = DayCollectionViewCell.swift; sourceTree = "<group>"; };
		99CC816729C8876E0076C319 /* DailyWeatherTableViewCell.swift */ = {isa = PBXFileReference; lastKnownFileType = sourcecode.swift; path = DailyWeatherTableViewCell.swift; sourceTree = "<group>"; };
		99CC816929C8C8EF0076C319 /* Enums.swift */ = {isa = PBXFileReference; lastKnownFileType = sourcecode.swift; path = Enums.swift; sourceTree = "<group>"; };
		99CC816B29CC64300076C319 /* SunriseAndSunsetTableViewCell.swift */ = {isa = PBXFileReference; lastKnownFileType = sourcecode.swift; path = SunriseAndSunsetTableViewCell.swift; sourceTree = "<group>"; };
		99E0CAA929A64E45006ECE23 /* DailyForecastViewModel.swift */ = {isa = PBXFileReference; lastKnownFileType = sourcecode.swift; path = DailyForecastViewModel.swift; sourceTree = "<group>"; };
		99E0CAAE29A662FA006ECE23 /* Rubik-Light.ttf */ = {isa = PBXFileReference; lastKnownFileType = file; path = "Rubik-Light.ttf"; sourceTree = "<group>"; };
		99E0CAB129A662FB006ECE23 /* Rubik-Bold.ttf */ = {isa = PBXFileReference; lastKnownFileType = file; path = "Rubik-Bold.ttf"; sourceTree = "<group>"; };
		99E0CAB229A662FB006ECE23 /* Rubik-Medium.ttf */ = {isa = PBXFileReference; lastKnownFileType = file; path = "Rubik-Medium.ttf"; sourceTree = "<group>"; };
		99E0CAB529A662FB006ECE23 /* Rubik-Regular.ttf */ = {isa = PBXFileReference; lastKnownFileType = file; path = "Rubik-Regular.ttf"; sourceTree = "<group>"; };
/* End PBXFileReference section */

/* Begin PBXFrameworksBuildPhase section */
		99B91E9F293491A900242D64 /* Frameworks */ = {
			isa = PBXFrameworksBuildPhase;
			buildActionMask = 2147483647;
			files = (
				99B91EC229350C0F00242D64 /* TinyConstraints in Frameworks */,
				9991874829AE49CE00C5F1F1 /* Alamofire in Frameworks */,
			);
			runOnlyForDeploymentPostprocessing = 0;
		};
/* End PBXFrameworksBuildPhase section */

/* Begin PBXGroup section */
		992200B6293939B7005F880C /* CustomCells */ = {
			isa = PBXGroup;
			children = (
				99CC816029C4B3930076C319 /* DailyWeatherScreen */,
				993FB0FC29BF4D0B0064570B /* MainScreen */,
			);
			path = CustomCells;
			sourceTree = "<group>";
		};
		993FB0FC29BF4D0B0064570B /* MainScreen */ = {
			isa = PBXGroup;
			children = (
				992200B729393A61005F880C /* CurrentWeatherHeader.swift */,
				993FB0FD29BF4D480064570B /* 24HourButtonCell.swift */,
				9991FFEF29A69A5A00240345 /* WeatherCollectionViewCell.swift */,
				9991FFED29A682F600240345 /* TodayWeatherCell.swift */,
				993FB0FF29BF61470064570B /* 7DaysForecast.swift */,
				9991874429AD109300C5F1F1 /* DailyForecastMainScreenTableViewCell.swift */,
			);
			path = MainScreen;
			sourceTree = "<group>";
		};
		9991873F29ACAED400C5F1F1 /* Managers */ = {
			isa = PBXGroup;
			children = (
				9991874029ACAEE800C5F1F1 /* CoreDataManager.swift */,
				9991874229ACAEF400C5F1F1 /* DownloadManager.swift */,
				99512D6229BA057000771106 /* Location Manager.swift */,
			);
			path = Managers;
			sourceTree = "<group>";
		};
		99B91E99293491A900242D64 = {
			isa = PBXGroup;
			children = (
				99B91EA4293491A900242D64 /* WeatherApp */,
				99B91EA3293491A900242D64 /* Products */,
			);
			sourceTree = "<group>";
		};
		99B91EA3293491A900242D64 /* Products */ = {
			isa = PBXGroup;
			children = (
				99B91EA2293491A900242D64 /* WeatherApp.app */,
			);
			name = Products;
			sourceTree = "<group>";
		};
		99B91EA4293491A900242D64 /* WeatherApp */ = {
			isa = PBXGroup;
			children = (
				99E0CAA529A64D65006ECE23 /* App Layer */,
				9991873F29ACAED400C5F1F1 /* Managers */,
				99E0CAA829A64E16006ECE23 /* Models */,
				99E0CAA729A64DD9006ECE23 /* Helping Files */,
				99E0CAA629A64DA7006ECE23 /* Presentation Layer */,
				99B91EB1293491AA00242D64 /* Assets.xcassets */,
				99B91EB3293491AA00242D64 /* LaunchScreen.storyboard */,
				99B91EB6293491AA00242D64 /* Info.plist */,
				99B91EAE293491A900242D64 /* WeatherApp.xcdatamodeld */,
				99E0CAAB29A662C6006ECE23 /* Fonts */,
			);
			path = WeatherApp;
			sourceTree = "<group>";
		};
		99CC816029C4B3930076C319 /* DailyWeatherScreen */ = {
			isa = PBXGroup;
			children = (
				99CC816129C4B5390076C319 /* GeolocationNameTableViewCell.swift */,
				99CC816329C87AEB0076C319 /* DaySelectorTableViewCell.swift */,
				99CC816529C87E700076C319 /* DayCollectionViewCell.swift */,
				99CC816729C8876E0076C319 /* DailyWeatherTableViewCell.swift */,
				99CC816B29CC64300076C319 /* SunriseAndSunsetTableViewCell.swift */,
			);
			path = DailyWeatherScreen;
			sourceTree = "<group>";
		};
		99E0CAA529A64D65006ECE23 /* App Layer */ = {
			isa = PBXGroup;
			children = (
				99B91EA5293491A900242D64 /* AppDelegate.swift */,
				99B91EA7293491A900242D64 /* SceneDelegate.swift */,
			);
			path = "App Layer";
			sourceTree = "<group>";
		};
		99E0CAA629A64DA7006ECE23 /* Presentation Layer */ = {
			isa = PBXGroup;
			children = (
				99B91EBC2934E9F200242D64 /* WelcomeViewController.swift */,
				99B91EBE2934EA5A00242D64 /* InitialSetupViewController.swift */,
				99B91EA9293491A900242D64 /* MainScreenViewController.swift */,
				99CC815E29C4B2D60076C319 /* DailyWeatherViewController.swift */,
				992200B6293939B7005F880C /* CustomCells */,
			);
			path = "Presentation Layer";
			sourceTree = "<group>";
		};
		99E0CAA729A64DD9006ECE23 /* Helping Files */ = {
			isa = PBXGroup;
			children = (
				99B91EC329351FEE00242D64 /* CustomUIElements.swift */,
				99CC816929C8C8EF0076C319 /* Enums.swift */,
			);
			path = "Helping Files";
			sourceTree = "<group>";
		};
		99E0CAA829A64E16006ECE23 /* Models */ = {
			isa = PBXGroup;
			children = (
				99E0CAA929A64E45006ECE23 /* DailyForecastViewModel.swift */,
				99C0D59729B0BCE500AFD91D /* HourlyForecastViewModel.swift */,
				9991874D29AF99E600C5F1F1 /* CodableForecastModels.swift */,
			);
			path = Models;
			sourceTree = "<group>";
		};
		99E0CAAB29A662C6006ECE23 /* Fonts */ = {
			isa = PBXGroup;
			children = (
				99E0CAB129A662FB006ECE23 /* Rubik-Bold.ttf */,
				99E0CAAE29A662FA006ECE23 /* Rubik-Light.ttf */,
				99E0CAB229A662FB006ECE23 /* Rubik-Medium.ttf */,
				99E0CAB529A662FB006ECE23 /* Rubik-Regular.ttf */,
			);
			path = Fonts;
			sourceTree = "<group>";
		};
/* End PBXGroup section */

/* Begin PBXNativeTarget section */
		99B91EA1293491A900242D64 /* WeatherApp */ = {
			isa = PBXNativeTarget;
			buildConfigurationList = 99B91EB9293491AA00242D64 /* Build configuration list for PBXNativeTarget "WeatherApp" */;
			buildPhases = (
				99B91E9E293491A900242D64 /* Sources */,
				99B91E9F293491A900242D64 /* Frameworks */,
				99B91EA0293491A900242D64 /* Resources */,
			);
			buildRules = (
			);
			dependencies = (
			);
			name = WeatherApp;
			packageProductDependencies = (
				99B91EC129350C0F00242D64 /* TinyConstraints */,
				9991874729AE49CE00C5F1F1 /* Alamofire */,
			);
			productName = WeatherApp;
			productReference = 99B91EA2293491A900242D64 /* WeatherApp.app */;
			productType = "com.apple.product-type.application";
		};
/* End PBXNativeTarget section */

/* Begin PBXProject section */
		99B91E9A293491A900242D64 /* Project object */ = {
			isa = PBXProject;
			attributes = {
				BuildIndependentTargetsInParallel = 1;
				LastSwiftUpdateCheck = 1410;
				LastUpgradeCheck = 1410;
				TargetAttributes = {
					99B91EA1293491A900242D64 = {
						CreatedOnToolsVersion = 14.1;
					};
				};
			};
			buildConfigurationList = 99B91E9D293491A900242D64 /* Build configuration list for PBXProject "WeatherApp" */;
			compatibilityVersion = "Xcode 14.0";
			developmentRegion = en;
			hasScannedForEncodings = 0;
			knownRegions = (
				en,
				Base,
			);
			mainGroup = 99B91E99293491A900242D64;
			packageReferences = (
				99B91EC029350C0F00242D64 /* XCRemoteSwiftPackageReference "TinyConstraints" */,
				9991874629AE49CE00C5F1F1 /* XCRemoteSwiftPackageReference "Alamofire" */,
			);
			productRefGroup = 99B91EA3293491A900242D64 /* Products */;
			projectDirPath = "";
			projectRoot = "";
			targets = (
				99B91EA1293491A900242D64 /* WeatherApp */,
			);
		};
/* End PBXProject section */

/* Begin PBXResourcesBuildPhase section */
		99B91EA0293491A900242D64 /* Resources */ = {
			isa = PBXResourcesBuildPhase;
			buildActionMask = 2147483647;
			files = (
				99E0CABF29A662FB006ECE23 /* Rubik-Regular.ttf in Resources */,
				99B91EB5293491AA00242D64 /* LaunchScreen.storyboard in Resources */,
				99E0CAB829A662FB006ECE23 /* Rubik-Light.ttf in Resources */,
				99E0CABB29A662FB006ECE23 /* Rubik-Bold.ttf in Resources */,
				99E0CABC29A662FB006ECE23 /* Rubik-Medium.ttf in Resources */,
				99B91EB2293491AA00242D64 /* Assets.xcassets in Resources */,
			);
			runOnlyForDeploymentPostprocessing = 0;
		};
/* End PBXResourcesBuildPhase section */

/* Begin PBXSourcesBuildPhase section */
		99B91E9E293491A900242D64 /* Sources */ = {
			isa = PBXSourcesBuildPhase;
			buildActionMask = 2147483647;
			files = (
				99B91EB0293491A900242D64 /* WeatherApp.xcdatamodeld in Sources */,
				9991874E29AF99E600C5F1F1 /* CodableForecastModels.swift in Sources */,
				99CC816C29CC64300076C319 /* SunriseAndSunsetTableViewCell.swift in Sources */,
				99CC816A29C8C8EF0076C319 /* Enums.swift in Sources */,
				99CC815F29C4B2D60076C319 /* DailyWeatherViewController.swift in Sources */,
				99B91EBD2934E9F200242D64 /* WelcomeViewController.swift in Sources */,
				9991874329ACAEF400C5F1F1 /* DownloadManager.swift in Sources */,
				99B91EC429351FEE00242D64 /* CustomUIElements.swift in Sources */,
				9991874529AD109300C5F1F1 /* DailyForecastMainScreenTableViewCell.swift in Sources */,
				992200B829393A61005F880C /* CurrentWeatherHeader.swift in Sources */,
				99CC816829C8876E0076C319 /* DailyWeatherTableViewCell.swift in Sources */,
				993FB0FE29BF4D480064570B /* 24HourButtonCell.swift in Sources */,
				99CC816429C87AEB0076C319 /* DaySelectorTableViewCell.swift in Sources */,
				99B91EBF2934EA5A00242D64 /* InitialSetupViewController.swift in Sources */,
				9991FFF029A69A5A00240345 /* WeatherCollectionViewCell.swift in Sources */,
				9991874129ACAEE800C5F1F1 /* CoreDataManager.swift in Sources */,
				99B91EAA293491A900242D64 /* MainScreenViewController.swift in Sources */,
				99CC816629C87E700076C319 /* DayCollectionViewCell.swift in Sources */,
				99B91EA6293491A900242D64 /* AppDelegate.swift in Sources */,
				99B91EA8293491A900242D64 /* SceneDelegate.swift in Sources */,
				99E0CAAA29A64E45006ECE23 /* DailyForecastViewModel.swift in Sources */,
				99512D6329BA057000771106 /* Location Manager.swift in Sources */,
				99C0D59829B0BCE500AFD91D /* HourlyForecastViewModel.swift in Sources */,
				993FB10029BF61470064570B /* 7DaysForecast.swift in Sources */,
				99CC816229C4B5390076C319 /* GeolocationNameTableViewCell.swift in Sources */,
				9991FFEE29A682F600240345 /* TodayWeatherCell.swift in Sources */,
			);
			runOnlyForDeploymentPostprocessing = 0;
		};
/* End PBXSourcesBuildPhase section */

/* Begin PBXVariantGroup section */
		99B91EB3293491AA00242D64 /* LaunchScreen.storyboard */ = {
			isa = PBXVariantGroup;
			children = (
				99B91EB4293491AA00242D64 /* Base */,
			);
			name = LaunchScreen.storyboard;
			sourceTree = "<group>";
		};
/* End PBXVariantGroup section */

/* Begin XCBuildConfiguration section */
		99B91EB7293491AA00242D64 /* Debug */ = {
			isa = XCBuildConfiguration;
			buildSettings = {
				ALWAYS_SEARCH_USER_PATHS = NO;
				CLANG_ANALYZER_NONNULL = YES;
				CLANG_ANALYZER_NUMBER_OBJECT_CONVERSION = YES_AGGRESSIVE;
				CLANG_CXX_LANGUAGE_STANDARD = "gnu++20";
				CLANG_ENABLE_MODULES = YES;
				CLANG_ENABLE_OBJC_ARC = YES;
				CLANG_ENABLE_OBJC_WEAK = YES;
				CLANG_WARN_BLOCK_CAPTURE_AUTORELEASING = YES;
				CLANG_WARN_BOOL_CONVERSION = YES;
				CLANG_WARN_COMMA = YES;
				CLANG_WARN_CONSTANT_CONVERSION = YES;
				CLANG_WARN_DEPRECATED_OBJC_IMPLEMENTATIONS = YES;
				CLANG_WARN_DIRECT_OBJC_ISA_USAGE = YES_ERROR;
				CLANG_WARN_DOCUMENTATION_COMMENTS = YES;
				CLANG_WARN_EMPTY_BODY = YES;
				CLANG_WARN_ENUM_CONVERSION = YES;
				CLANG_WARN_INFINITE_RECURSION = YES;
				CLANG_WARN_INT_CONVERSION = YES;
				CLANG_WARN_NON_LITERAL_NULL_CONVERSION = YES;
				CLANG_WARN_OBJC_IMPLICIT_RETAIN_SELF = YES;
				CLANG_WARN_OBJC_LITERAL_CONVERSION = YES;
				CLANG_WARN_OBJC_ROOT_CLASS = YES_ERROR;
				CLANG_WARN_QUOTED_INCLUDE_IN_FRAMEWORK_HEADER = YES;
				CLANG_WARN_RANGE_LOOP_ANALYSIS = YES;
				CLANG_WARN_STRICT_PROTOTYPES = YES;
				CLANG_WARN_SUSPICIOUS_MOVE = YES;
				CLANG_WARN_UNGUARDED_AVAILABILITY = YES_AGGRESSIVE;
				CLANG_WARN_UNREACHABLE_CODE = YES;
				CLANG_WARN__DUPLICATE_METHOD_MATCH = YES;
				COPY_PHASE_STRIP = NO;
				DEBUG_INFORMATION_FORMAT = dwarf;
				ENABLE_STRICT_OBJC_MSGSEND = YES;
				ENABLE_TESTABILITY = YES;
				GCC_C_LANGUAGE_STANDARD = gnu11;
				GCC_DYNAMIC_NO_PIC = NO;
				GCC_NO_COMMON_BLOCKS = YES;
				GCC_OPTIMIZATION_LEVEL = 0;
				GCC_PREPROCESSOR_DEFINITIONS = (
					"DEBUG=1",
					"$(inherited)",
				);
				GCC_WARN_64_TO_32_BIT_CONVERSION = YES;
				GCC_WARN_ABOUT_RETURN_TYPE = YES_ERROR;
				GCC_WARN_UNDECLARED_SELECTOR = YES;
				GCC_WARN_UNINITIALIZED_AUTOS = YES_AGGRESSIVE;
				GCC_WARN_UNUSED_FUNCTION = YES;
				GCC_WARN_UNUSED_VARIABLE = YES;
				IPHONEOS_DEPLOYMENT_TARGET = 16.1;
				MTL_ENABLE_DEBUG_INFO = INCLUDE_SOURCE;
				MTL_FAST_MATH = YES;
				ONLY_ACTIVE_ARCH = YES;
				SDKROOT = iphoneos;
				SWIFT_ACTIVE_COMPILATION_CONDITIONS = DEBUG;
				SWIFT_OPTIMIZATION_LEVEL = "-Onone";
			};
			name = Debug;
		};
		99B91EB8293491AA00242D64 /* Release */ = {
			isa = XCBuildConfiguration;
			buildSettings = {
				ALWAYS_SEARCH_USER_PATHS = NO;
				CLANG_ANALYZER_NONNULL = YES;
				CLANG_ANALYZER_NUMBER_OBJECT_CONVERSION = YES_AGGRESSIVE;
				CLANG_CXX_LANGUAGE_STANDARD = "gnu++20";
				CLANG_ENABLE_MODULES = YES;
				CLANG_ENABLE_OBJC_ARC = YES;
				CLANG_ENABLE_OBJC_WEAK = YES;
				CLANG_WARN_BLOCK_CAPTURE_AUTORELEASING = YES;
				CLANG_WARN_BOOL_CONVERSION = YES;
				CLANG_WARN_COMMA = YES;
				CLANG_WARN_CONSTANT_CONVERSION = YES;
				CLANG_WARN_DEPRECATED_OBJC_IMPLEMENTATIONS = YES;
				CLANG_WARN_DIRECT_OBJC_ISA_USAGE = YES_ERROR;
				CLANG_WARN_DOCUMENTATION_COMMENTS = YES;
				CLANG_WARN_EMPTY_BODY = YES;
				CLANG_WARN_ENUM_CONVERSION = YES;
				CLANG_WARN_INFINITE_RECURSION = YES;
				CLANG_WARN_INT_CONVERSION = YES;
				CLANG_WARN_NON_LITERAL_NULL_CONVERSION = YES;
				CLANG_WARN_OBJC_IMPLICIT_RETAIN_SELF = YES;
				CLANG_WARN_OBJC_LITERAL_CONVERSION = YES;
				CLANG_WARN_OBJC_ROOT_CLASS = YES_ERROR;
				CLANG_WARN_QUOTED_INCLUDE_IN_FRAMEWORK_HEADER = YES;
				CLANG_WARN_RANGE_LOOP_ANALYSIS = YES;
				CLANG_WARN_STRICT_PROTOTYPES = YES;
				CLANG_WARN_SUSPICIOUS_MOVE = YES;
				CLANG_WARN_UNGUARDED_AVAILABILITY = YES_AGGRESSIVE;
				CLANG_WARN_UNREACHABLE_CODE = YES;
				CLANG_WARN__DUPLICATE_METHOD_MATCH = YES;
				COPY_PHASE_STRIP = NO;
				DEBUG_INFORMATION_FORMAT = "dwarf-with-dsym";
				ENABLE_NS_ASSERTIONS = NO;
				ENABLE_STRICT_OBJC_MSGSEND = YES;
				GCC_C_LANGUAGE_STANDARD = gnu11;
				GCC_NO_COMMON_BLOCKS = YES;
				GCC_WARN_64_TO_32_BIT_CONVERSION = YES;
				GCC_WARN_ABOUT_RETURN_TYPE = YES_ERROR;
				GCC_WARN_UNDECLARED_SELECTOR = YES;
				GCC_WARN_UNINITIALIZED_AUTOS = YES_AGGRESSIVE;
				GCC_WARN_UNUSED_FUNCTION = YES;
				GCC_WARN_UNUSED_VARIABLE = YES;
				IPHONEOS_DEPLOYMENT_TARGET = 16.1;
				MTL_ENABLE_DEBUG_INFO = NO;
				MTL_FAST_MATH = YES;
				SDKROOT = iphoneos;
				SWIFT_COMPILATION_MODE = wholemodule;
				SWIFT_OPTIMIZATION_LEVEL = "-O";
				VALIDATE_PRODUCT = YES;
			};
			name = Release;
		};
		99B91EBA293491AA00242D64 /* Debug */ = {
			isa = XCBuildConfiguration;
			buildSettings = {
				ASSETCATALOG_COMPILER_APPICON_NAME = AppIcon;
				ASSETCATALOG_COMPILER_GLOBAL_ACCENT_COLOR_NAME = AccentColor;
				CODE_SIGN_STYLE = Automatic;
				CURRENT_PROJECT_VERSION = 1;
				DEVELOPMENT_TEAM = K424BZ7XRC;
				GENERATE_INFOPLIST_FILE = YES;
				INFOPLIST_FILE = WeatherApp/Info.plist;
				INFOPLIST_KEY_LSApplicationCategoryType = "public.app-category.weather";
				INFOPLIST_KEY_NSLocationAlwaysAndWhenInUseUsageDescription = "Нужны геоданые";
				INFOPLIST_KEY_NSLocationAlwaysUsageDescription = "Нужны геоданые";
				INFOPLIST_KEY_NSLocationWhenInUseUsageDescription = "Нужны геоданые";
				INFOPLIST_KEY_UIApplicationSupportsIndirectInputEvents = YES;
				INFOPLIST_KEY_UILaunchStoryboardName = LaunchScreen;
				INFOPLIST_KEY_UISupportedInterfaceOrientations = UIInterfaceOrientationPortrait;
				INFOPLIST_KEY_UISupportedInterfaceOrientations_iPad = "UIInterfaceOrientationPortrait UIInterfaceOrientationPortraitUpsideDown";
				IPHONEOS_DEPLOYMENT_TARGET = 15.0;
				LD_RUNPATH_SEARCH_PATHS = (
					"$(inherited)",
					"@executable_path/Frameworks",
				);
				MARKETING_VERSION = 1.0;
				PRODUCT_BUNDLE_IDENTIFIER = "maximchik666-gmail.com.WeatherApp";
				PRODUCT_NAME = "$(TARGET_NAME)";
				SUPPORTED_PLATFORMS = "iphoneos iphonesimulator";
				SUPPORTS_MACCATALYST = NO;
				SUPPORTS_MAC_DESIGNED_FOR_IPHONE_IPAD = NO;
				SWIFT_EMIT_LOC_STRINGS = YES;
				SWIFT_VERSION = 5.0;
				TARGETED_DEVICE_FAMILY = "1,2";
			};
			name = Debug;
		};
		99B91EBB293491AA00242D64 /* Release */ = {
			isa = XCBuildConfiguration;
			buildSettings = {
				ASSETCATALOG_COMPILER_APPICON_NAME = AppIcon;
				ASSETCATALOG_COMPILER_GLOBAL_ACCENT_COLOR_NAME = AccentColor;
				CODE_SIGN_STYLE = Automatic;
				CURRENT_PROJECT_VERSION = 1;
				DEVELOPMENT_TEAM = K424BZ7XRC;
				GENERATE_INFOPLIST_FILE = YES;
				INFOPLIST_FILE = WeatherApp/Info.plist;
				INFOPLIST_KEY_LSApplicationCategoryType = "public.app-category.weather";
				INFOPLIST_KEY_NSLocationAlwaysAndWhenInUseUsageDescription = "Нужны геоданые";
				INFOPLIST_KEY_NSLocationAlwaysUsageDescription = "Нужны геоданые";
				INFOPLIST_KEY_NSLocationWhenInUseUsageDescription = "Нужны геоданые";
				INFOPLIST_KEY_UIApplicationSupportsIndirectInputEvents = YES;
				INFOPLIST_KEY_UILaunchStoryboardName = LaunchScreen;
				INFOPLIST_KEY_UISupportedInterfaceOrientations = UIInterfaceOrientationPortrait;
				INFOPLIST_KEY_UISupportedInterfaceOrientations_iPad = "UIInterfaceOrientationPortrait UIInterfaceOrientationPortraitUpsideDown";
				IPHONEOS_DEPLOYMENT_TARGET = 15.0;
				LD_RUNPATH_SEARCH_PATHS = (
					"$(inherited)",
					"@executable_path/Frameworks",
				);
				MARKETING_VERSION = 1.0;
				PRODUCT_BUNDLE_IDENTIFIER = "maximchik666-gmail.com.WeatherApp";
				PRODUCT_NAME = "$(TARGET_NAME)";
				SUPPORTED_PLATFORMS = "iphoneos iphonesimulator";
				SUPPORTS_MACCATALYST = NO;
				SUPPORTS_MAC_DESIGNED_FOR_IPHONE_IPAD = NO;
				SWIFT_EMIT_LOC_STRINGS = YES;
				SWIFT_VERSION = 5.0;
				TARGETED_DEVICE_FAMILY = "1,2";
			};
			name = Release;
		};
/* End XCBuildConfiguration section */

/* Begin XCConfigurationList section */
		99B91E9D293491A900242D64 /* Build configuration list for PBXProject "WeatherApp" */ = {
			isa = XCConfigurationList;
			buildConfigurations = (
				99B91EB7293491AA00242D64 /* Debug */,
				99B91EB8293491AA00242D64 /* Release */,
			);
			defaultConfigurationIsVisible = 0;
			defaultConfigurationName = Release;
		};
		99B91EB9293491AA00242D64 /* Build configuration list for PBXNativeTarget "WeatherApp" */ = {
			isa = XCConfigurationList;
			buildConfigurations = (
				99B91EBA293491AA00242D64 /* Debug */,
				99B91EBB293491AA00242D64 /* Release */,
			);
			defaultConfigurationIsVisible = 0;
			defaultConfigurationName = Release;
		};
/* End XCConfigurationList section */

/* Begin XCRemoteSwiftPackageReference section */
		9991874629AE49CE00C5F1F1 /* XCRemoteSwiftPackageReference "Alamofire" */ = {
			isa = XCRemoteSwiftPackageReference;
			repositoryURL = "https://github.com/Alamofire/Alamofire";
			requirement = {
				kind = upToNextMajorVersion;
				minimumVersion = 5.0.0;
			};
		};
		99B91EC029350C0F00242D64 /* XCRemoteSwiftPackageReference "TinyConstraints" */ = {
			isa = XCRemoteSwiftPackageReference;
			repositoryURL = "https://github.com/roberthein/TinyConstraints";
			requirement = {
				kind = upToNextMajorVersion;
				minimumVersion = 4.0.0;
			};
		};
/* End XCRemoteSwiftPackageReference section */

/* Begin XCSwiftPackageProductDependency section */
		9991874729AE49CE00C5F1F1 /* Alamofire */ = {
			isa = XCSwiftPackageProductDependency;
			package = 9991874629AE49CE00C5F1F1 /* XCRemoteSwiftPackageReference "Alamofire" */;
			productName = Alamofire;
		};
		99B91EC129350C0F00242D64 /* TinyConstraints */ = {
			isa = XCSwiftPackageProductDependency;
			package = 99B91EC029350C0F00242D64 /* XCRemoteSwiftPackageReference "TinyConstraints" */;
			productName = TinyConstraints;
		};
/* End XCSwiftPackageProductDependency section */

/* Begin XCVersionGroup section */
		99B91EAE293491A900242D64 /* WeatherApp.xcdatamodeld */ = {
			isa = XCVersionGroup;
			children = (
				99B91EAF293491A900242D64 /* WeatherApp.xcdatamodel */,
			);
			currentVersion = 99B91EAF293491A900242D64 /* WeatherApp.xcdatamodel */;
			path = WeatherApp.xcdatamodeld;
			sourceTree = "<group>";
			versionGroupType = wrapper.xcdatamodel;
		};
/* End XCVersionGroup section */
	};
	rootObject = 99B91E9A293491A900242D64 /* Project object */;
}
